
Microsoft Visual Studio Solution File, Format Version 12.00
# Visual Studio Version 17
VisualStudioVersion = 17.14.36811.4
MinimumVisualStudioVersion = 10.0.40219.1
Project("{FAE04EC0-301F-11D3-BF4B-00C04F79EFBC}") = "CarHub", "CarHub\CarHub.csproj", "{7A23D3E1-2640-40FB-9534-62FC463A0B48}"
EndProject
Project("{FAE04EC0-301F-11D3-BF4B-00C04F79EFBC}") = "CarHub.GCommon.EntityValidations", "CarHub.GCommon.EntityValidations\CarHub.GCommon.EntityValidations.csproj", "{EF532BE1-B60E-4425-B2E4-C455F282AB59}"
EndProject
Project("{2150E333-8FDC-42A3-9474-1A3956D46DE8}") = "Web", "Web", "{02EA681E-C7D8-13C7-8484-4AC65E1B71E8}"
EndProject
Project("{FAE04EC0-301F-11D3-BF4B-00C04F79EFBC}") = "CarHub.ViewModels", "CarHub.ViewModels\CarHub.ViewModels.csproj", "{901AA368-B4E0-4DCA-A27A-550B9BC39CBB}"
EndProject
Project("{2150E333-8FDC-42A3-9474-1A3956D46DE8}") = "Services", "Services", "{0CC6D478-EDC4-4C85-8406-4CAA1B09390B}"
EndProject
Project("{2150E333-8FDC-42A3-9474-1A3956D46DE8}") = "Data", "Data", "{A8A85345-F0DB-42C3-B014-A1FDA4835696}"
EndProject
Project("{FAE04EC0-301F-11D3-BF4B-00C04F79EFBC}") = "CarHub.Data", "CarHub.Data\CarHub.Data.csproj", "{21FB089E-85B5-47E4-B403-4F6139545285}"
EndProject
Project("{FAE04EC0-301F-11D3-BF4B-00C04F79EFBC}") = "CarHub.Data.Models", "CarHub.Data.Models\CarHub.Data.Models.csproj", "{FB7BEF02-9D4B-47C3-96ED-038BADD25CEF}"
EndProject
Project("{FAE04EC0-301F-11D3-BF4B-00C04F79EFBC}") = "CarHub.Service.Core", "CarHub.Service.Core\CarHub.Service.Core.csproj", "{E8CA2B04-5C32-4C3F-A048-ED23997284EF}"
EndProject
Global
	GlobalSection(SolutionConfigurationPlatforms) = preSolution
		Debug|Any CPU = Debug|Any CPU
		Release|Any CPU = Release|Any CPU
	EndGlobalSection
	GlobalSection(ProjectConfigurationPlatforms) = postSolution
		{7A23D3E1-2640-40FB-9534-62FC463A0B48}.Debug|Any CPU.ActiveCfg = Debug|Any CPU
		{7A23D3E1-2640-40FB-9534-62FC463A0B48}.Debug|Any CPU.Build.0 = Debug|Any CPU
		{7A23D3E1-2640-40FB-9534-62FC463A0B48}.Release|Any CPU.ActiveCfg = Release|Any CPU
		{7A23D3E1-2640-40FB-9534-62FC463A0B48}.Release|Any CPU.Build.0 = Release|Any CPU
		{EF532BE1-B60E-4425-B2E4-C455F282AB59}.Debug|Any CPU.ActiveCfg = Debug|Any CPU
		{EF532BE1-B60E-4425-B2E4-C455F282AB59}.Debug|Any CPU.Build.0 = Debug|Any CPU
		{EF532BE1-B60E-4425-B2E4-C455F282AB59}.Release|Any CPU.ActiveCfg = Release|Any CPU
		{EF532BE1-B60E-4425-B2E4-C455F282AB59}.Release|Any CPU.Build.0 = Release|Any CPU
		{901AA368-B4E0-4DCA-A27A-550B9BC39CBB}.Debug|Any CPU.ActiveCfg = Debug|Any CPU
		{901AA368-B4E0-4DCA-A27A-550B9BC39CBB}.Debug|Any CPU.Build.0 = Debug|Any CPU
		{901AA368-B4E0-4DCA-A27A-550B9BC39CBB}.Release|Any CPU.ActiveCfg = Release|Any CPU
		{901AA368-B4E0-4DCA-A27A-550B9BC39CBB}.Release|Any CPU.Build.0 = Release|Any CPU
		{21FB089E-85B5-47E4-B403-4F6139545285}.Debug|Any CPU.ActiveCfg = Debug|Any CPU
		{21FB089E-85B5-47E4-B403-4F6139545285}.Debug|Any CPU.Build.0 = Debug|Any CPU
		{21FB089E-85B5-47E4-B403-4F6139545285}.Release|Any CPU.ActiveCfg = Release|Any CPU
		{21FB089E-85B5-47E4-B403-4F6139545285}.Release|Any CPU.Build.0 = Release|Any CPU
		{FB7BEF02-9D4B-47C3-96ED-038BADD25CEF}.Debug|Any CPU.ActiveCfg = Debug|Any CPU
		{FB7BEF02-9D4B-47C3-96ED-038BADD25CEF}.Debug|Any CPU.Build.0 = Debug|Any CPU
		{FB7BEF02-9D4B-47C3-96ED-038BADD25CEF}.Release|Any CPU.ActiveCfg = Release|Any CPU
		{FB7BEF02-9D4B-47C3-96ED-038BADD25CEF}.Release|Any CPU.Build.0 = Release|Any CPU
		{E8CA2B04-5C32-4C3F-A048-ED23997284EF}.Debug|Any CPU.ActiveCfg = Debug|Any CPU
		{E8CA2B04-5C32-4C3F-A048-ED23997284EF}.Debug|Any CPU.Build.0 = Debug|Any CPU
		{E8CA2B04-5C32-4C3F-A048-ED23997284EF}.Release|Any CPU.ActiveCfg = Release|Any CPU
		{E8CA2B04-5C32-4C3F-A048-ED23997284EF}.Release|Any CPU.Build.0 = Release|Any CPU
	EndGlobalSection
	GlobalSection(SolutionProperties) = preSolution
		HideSolutionNode = FALSE
	EndGlobalSection
	GlobalSection(NestedProjects) = preSolution
		{7A23D3E1-2640-40FB-9534-62FC463A0B48} = {02EA681E-C7D8-13C7-8484-4AC65E1B71E8}
		{901AA368-B4E0-4DCA-A27A-550B9BC39CBB} = {02EA681E-C7D8-13C7-8484-4AC65E1B71E8}
		{21FB089E-85B5-47E4-B403-4F6139545285} = {A8A85345-F0DB-42C3-B014-A1FDA4835696}
		{FB7BEF02-9D4B-47C3-96ED-038BADD25CEF} = {A8A85345-F0DB-42C3-B014-A1FDA4835696}
		{E8CA2B04-5C32-4C3F-A048-ED23997284EF} = {0CC6D478-EDC4-4C85-8406-4CAA1B09390B}
	EndGlobalSection
	GlobalSection(ExtensibilityGlobals) = postSolution
		SolutionGuid = {2128C641-C3EF-4258-9815-9965B8E5745A}
	EndGlobalSection
EndGlobal
